
Microsoft Visual Studio Solution File, Format Version 12.00
# Visual Studio Version 17
VisualStudioVersion = 17.10.35027.167
MinimumVisualStudioVersion = 10.0.40219.1
Project("{FAE04EC0-301F-11D3-BF4B-00C04F79EFBC}") = "Lab3", "Lab3.csproj", "{97D63D3E-57AB-4AA6-A51B-DD8A5A51E0B3}"
EndProject
Global
	GlobalSection(SolutionConfigurationPlatforms) = preSolution
		Debug|Any CPU = Debug|Any CPU
		Release|Any CPU = Release|Any CPU
	EndGlobalSection
	GlobalSection(ProjectConfigurationPlatforms) = postSolution
		{97D63D3E-57AB-4AA6-A51B-DD8A5A51E0B3}.Debug|Any CPU.ActiveCfg = Debug|Any CPU
		{97D63D3E-57AB-4AA6-A51B-DD8A5A51E0B3}.Debug|Any CPU.Build.0 = Debug|Any CPU
		{97D63D3E-57AB-4AA6-A51B-DD8A5A51E0B3}.Release|Any CPU.ActiveCfg = Release|Any CPU
		{97D63D3E-57AB-4AA6-A51B-DD8A5A51E0B3}.Release|Any CPU.Build.0 = Release|Any CPU
	EndGlobalSection
	GlobalSection(SolutionProperties) = preSolution
		HideSolutionNode = FALSE
	EndGlobalSection
	GlobalSection(ExtensibilityGlobals) = postSolution
		SolutionGuid = {F23E6475-5EF0-498F-8480-6C12E0818060}
	EndGlobalSection
EndGlobal
